{
    "_readme": [
        "This file locks the dependencies of your project to a known state",
        "Read more about it at https://getcomposer.org/doc/01-basic-usage.md#composer-lock-the-lock-file",
        "This file is @generated automatically"
    ],
    "content-hash": "fc2f3fe5e0eba1d401862cf159760f21",
    "packages": [
        {
            "name": "anytizer/capitalizer.php",
            "version": "dev-master",
            "source": {
                "type": "git",
                "url": "https://github.com/anytizer/capitalizer.php.git",
                "reference": "54f8bcfa240e2ed8c80e7cdbf4aff26239c7d9c5"
            },
            "dist": {
                "type": "zip",
                "url": "https://api.github.com/repos/anytizer/capitalizer.php/zipball/54f8bcfa240e2ed8c80e7cdbf4aff26239c7d9c5",
                "reference": "54f8bcfa240e2ed8c80e7cdbf4aff26239c7d9c5",
                "shasum": ""
            },
            "require": {
                "php": ">=7.0"
            },
            "type": "library",
            "autoload": {
                "files": [
                    "src/libraries/classes/common/class.capitalizer.inc.php"
                ],
                "psr-4": {
                    "capitalizer\\": "src/libraries/classes"
                }
            },
            "notification-url": "https://packagist.org/downloads/",
            "description": "Capitalize a word",
            "keywords": [
                "capitalizer",
                "case conversion",
                "lowercase",
                "uppercase"
            ],
            "time": "2018-01-06T20:21:57+00:00"
        }
    ],
    "packages-dev": [],
    "aliases": [],
    "minimum-stability": "stable",
    "stability-flags": {
        "anytizer/capitalizer.php": 20
    },
    "prefer-stable": false,
    "prefer-lowest": false,
    "platform": [],
    "platform-dev": []
}
